
Microsoft Visual Studio Solution File, Format Version 12.00
# Visual Studio Version 17
VisualStudioVersion = 17.14.36603.0 d17.14
MinimumVisualStudioVersion = 10.0.40219.1
Project("{FAE04EC0-301F-11D3-BF4B-00C04F79EFBC}") = "EsBitLandiaBM", "EsBitLandiaBM\EsBitLandiaBM.csproj", "{153B06B6-8563-428E-A0DF-80BFCC28B7BC}"
EndProject
Global
	GlobalSection(SolutionConfigurationPlatforms) = preSolution
		Debug|Any CPU = Debug|Any CPU
		Release|Any CPU = Release|Any CPU
	EndGlobalSection
	GlobalSection(ProjectConfigurationPlatforms) = postSolution
		{153B06B6-8563-428E-A0DF-80BFCC28B7BC}.Debug|Any CPU.ActiveCfg = Debug|Any CPU
		{153B06B6-8563-428E-A0DF-80BFCC28B7BC}.Debug|Any CPU.Build.0 = Debug|Any CPU
		{153B06B6-8563-428E-A0DF-80BFCC28B7BC}.Release|Any CPU.ActiveCfg = Release|Any CPU
		{153B06B6-8563-428E-A0DF-80BFCC28B7BC}.Release|Any CPU.Build.0 = Release|Any CPU
	EndGlobalSection
	GlobalSection(SolutionProperties) = preSolution
		HideSolutionNode = FALSE
	EndGlobalSection
	GlobalSection(ExtensibilityGlobals) = postSolution
		SolutionGuid = {01B08EB3-F595-4D28-822C-9F6449DE9BBE}
	EndGlobalSection
EndGlobal
