
Microsoft Visual Studio Solution File, Format Version 12.00
# Visual Studio Version 17
VisualStudioVersion = 17.14.36603.0 d17.14
MinimumVisualStudioVersion = 10.0.40219.1
Project("{FAE04EC0-301F-11D3-BF4B-00C04F79EFBC}") = "EsIMCBM", "EsIMCBM\EsIMCBM.csproj", "{4DAC3B1B-7767-4B4B-8AD3-7BB7731EE10C}"
EndProject
Global
	GlobalSection(SolutionConfigurationPlatforms) = preSolution
		Debug|Any CPU = Debug|Any CPU
		Release|Any CPU = Release|Any CPU
	EndGlobalSection
	GlobalSection(ProjectConfigurationPlatforms) = postSolution
		{4DAC3B1B-7767-4B4B-8AD3-7BB7731EE10C}.Debug|Any CPU.ActiveCfg = Debug|Any CPU
		{4DAC3B1B-7767-4B4B-8AD3-7BB7731EE10C}.Debug|Any CPU.Build.0 = Debug|Any CPU
		{4DAC3B1B-7767-4B4B-8AD3-7BB7731EE10C}.Release|Any CPU.ActiveCfg = Release|Any CPU
		{4DAC3B1B-7767-4B4B-8AD3-7BB7731EE10C}.Release|Any CPU.Build.0 = Release|Any CPU
	EndGlobalSection
	GlobalSection(SolutionProperties) = preSolution
		HideSolutionNode = FALSE
	EndGlobalSection
	GlobalSection(ExtensibilityGlobals) = postSolution
		SolutionGuid = {2C36EBB0-89F9-4DB9-BAD4-661835337886}
	EndGlobalSection
EndGlobal
