
Microsoft Visual Studio Solution File, Format Version 12.00
# Visual Studio Version 17
VisualStudioVersion = 17.14.36603.0 d17.14
MinimumVisualStudioVersion = 10.0.40219.1
Project("{FAE04EC0-301F-11D3-BF4B-00C04F79EFBC}") = "EsMax28-01-26", "EsMax28-01-26\EsMax28-01-26.csproj", "{296B838F-2FE4-43AD-88F8-8F5D86335AE5}"
EndProject
Global
	GlobalSection(SolutionConfigurationPlatforms) = preSolution
		Debug|Any CPU = Debug|Any CPU
		Release|Any CPU = Release|Any CPU
	EndGlobalSection
	GlobalSection(ProjectConfigurationPlatforms) = postSolution
		{296B838F-2FE4-43AD-88F8-8F5D86335AE5}.Debug|Any CPU.ActiveCfg = Debug|Any CPU
		{296B838F-2FE4-43AD-88F8-8F5D86335AE5}.Debug|Any CPU.Build.0 = Debug|Any CPU
		{296B838F-2FE4-43AD-88F8-8F5D86335AE5}.Release|Any CPU.ActiveCfg = Release|Any CPU
		{296B838F-2FE4-43AD-88F8-8F5D86335AE5}.Release|Any CPU.Build.0 = Release|Any CPU
	EndGlobalSection
	GlobalSection(SolutionProperties) = preSolution
		HideSolutionNode = FALSE
	EndGlobalSection
	GlobalSection(ExtensibilityGlobals) = postSolution
		SolutionGuid = {E88FD3F2-A866-4546-A1DC-AC3F882E85E2}
	EndGlobalSection
EndGlobal
