
Microsoft Visual Studio Solution File, Format Version 12.00
# Visual Studio Version 17
VisualStudioVersion = 17.14.36603.0 d17.14
MinimumVisualStudioVersion = 10.0.40219.1
Project("{FAE04EC0-301F-11D3-BF4B-00C04F79EFBC}") = "EsRicettaDigBM", "EsRicettaDigBM\EsRicettaDigBM.csproj", "{00B2026D-0358-43CE-B545-F86F3C9E4779}"
EndProject
Global
	GlobalSection(SolutionConfigurationPlatforms) = preSolution
		Debug|Any CPU = Debug|Any CPU
		Release|Any CPU = Release|Any CPU
	EndGlobalSection
	GlobalSection(ProjectConfigurationPlatforms) = postSolution
		{00B2026D-0358-43CE-B545-F86F3C9E4779}.Debug|Any CPU.ActiveCfg = Debug|Any CPU
		{00B2026D-0358-43CE-B545-F86F3C9E4779}.Debug|Any CPU.Build.0 = Debug|Any CPU
		{00B2026D-0358-43CE-B545-F86F3C9E4779}.Release|Any CPU.ActiveCfg = Release|Any CPU
		{00B2026D-0358-43CE-B545-F86F3C9E4779}.Release|Any CPU.Build.0 = Release|Any CPU
	EndGlobalSection
	GlobalSection(SolutionProperties) = preSolution
		HideSolutionNode = FALSE
	EndGlobalSection
	GlobalSection(ExtensibilityGlobals) = postSolution
		SolutionGuid = {46283319-5540-426E-8AFD-007F36A13A95}
	EndGlobalSection
EndGlobal
