
Microsoft Visual Studio Solution File, Format Version 12.00
# Visual Studio Version 17
VisualStudioVersion = 17.14.36603.0 d17.14
MinimumVisualStudioVersion = 10.0.40219.1
Project("{FAE04EC0-301F-11D3-BF4B-00C04F79EFBC}") = "EsArrayDiversoBM", "EsArrayDiversoBM\EsArrayDiversoBM.csproj", "{1F71D065-FCE0-45CF-89FA-636986523789}"
EndProject
Global
	GlobalSection(SolutionConfigurationPlatforms) = preSolution
		Debug|Any CPU = Debug|Any CPU
		Release|Any CPU = Release|Any CPU
	EndGlobalSection
	GlobalSection(ProjectConfigurationPlatforms) = postSolution
		{1F71D065-FCE0-45CF-89FA-636986523789}.Debug|Any CPU.ActiveCfg = Debug|Any CPU
		{1F71D065-FCE0-45CF-89FA-636986523789}.Debug|Any CPU.Build.0 = Debug|Any CPU
		{1F71D065-FCE0-45CF-89FA-636986523789}.Release|Any CPU.ActiveCfg = Release|Any CPU
		{1F71D065-FCE0-45CF-89FA-636986523789}.Release|Any CPU.Build.0 = Release|Any CPU
	EndGlobalSection
	GlobalSection(SolutionProperties) = preSolution
		HideSolutionNode = FALSE
	EndGlobalSection
	GlobalSection(ExtensibilityGlobals) = postSolution
		SolutionGuid = {A268D4DC-9C74-4129-87AA-CE67B4D03D44}
	EndGlobalSection
EndGlobal
